
Microsoft Visual Studio Solution File, Format Version 12.00
# Visual Studio 14
VisualStudioVersion = 14.0.24720.0
MinimumVisualStudioVersion = 10.0.40219.1
Project("{FAE04EC0-301F-11D3-BF4B-00C04F79EFBC}") = "aaInflux", "aaInflux\aaInflux.csproj", "{8EC37FF6-A2DD-4CD1-9041-A9244B9B3DC9}"
EndProject
Project("{2150E333-8FDC-42A3-9474-1A3956D46DE8}") = "Solution Items", "Solution Items", "{178D03B3-C88C-4773-BCA2-8E5314F84909}"
	ProjectSection(SolutionItems) = preProject
		LICENSE = LICENSE
		README.md = README.md
	EndProjectSection
EndProject
Global
	GlobalSection(SolutionConfigurationPlatforms) = preSolution
		Debug|Any CPU = Debug|Any CPU
		Release|Any CPU = Release|Any CPU
	EndGlobalSection
	GlobalSection(ProjectConfigurationPlatforms) = postSolution
		{8EC37FF6-A2DD-4CD1-9041-A9244B9B3DC9}.Debug|Any CPU.ActiveCfg = Debug|Any CPU
		{8EC37FF6-A2DD-4CD1-9041-A9244B9B3DC9}.Debug|Any CPU.Build.0 = Debug|Any CPU
		{8EC37FF6-A2DD-4CD1-9041-A9244B9B3DC9}.Release|Any CPU.ActiveCfg = Release|Any CPU
		{8EC37FF6-A2DD-4CD1-9041-A9244B9B3DC9}.Release|Any CPU.Build.0 = Release|Any CPU
	EndGlobalSection
	GlobalSection(SolutionProperties) = preSolution
		HideSolutionNode = FALSE
	EndGlobalSection
EndGlobal
